<?xml version="1.0" encoding="UTF-8" standalone="yes" ?>
<CodeBlocks_project_file>
	<FileVersion major="1" minor="6" />
	<Project>
		<Option title="ftp_server" />
		<Option pch_mode="2" />
		<Option compiler="gcc" />
		<Option virtualFolders="cmd/;" />
		<Build>
			<Target title="Debug">
				<Option output="bin/Debug/ftp_server" prefix_auto="1" extension_auto="1" />
				<Option object_output="obj/Debug/" />
				<Option type="1" />
				<Option compiler="gcc" />
				<Compiler>
					<Add option="-g" />
				</Compiler>
			</Target>
			<Target title="Release">
				<Option output="bin/Release/ftp_server" prefix_auto="1" extension_auto="1" />
				<Option object_output="obj/Release/" />
				<Option type="1" />
				<Option compiler="gcc" />
				<Compiler>
					<Add option="-O2" />
				</Compiler>
				<Linker>
					<Add option="-s" />
				</Linker>
			</Target>
		</Build>
		<Compiler>
			<Add option="-Wall" />
		</Compiler>
		<Unit filename="check_file.c">
			<Option compilerVar="CC" />
		</Unit>
		<Unit filename="check_login.c">
			<Option compilerVar="CC" />
			<Option virtualFolder="cmd/" />
		</Unit>
		<Unit filename="do_cd.c">
			<Option compilerVar="CC" />
			<Option virtualFolder="cmd/" />
		</Unit>
		<Unit filename="do_get.c">
			<Option compilerVar="CC" />
			<Option virtualFolder="cmd/" />
		</Unit>
		<Unit filename="do_login.c">
			<Option compilerVar="CC" />
		</Unit>
		<Unit filename="do_ls.c">
			<Option compilerVar="CC" />
			<Option virtualFolder="cmd/" />
		</Unit>
		<Unit filename="do_mget.c">
			<Option compilerVar="CC" />
			<Option virtualFolder="cmd/" />
		</Unit>
		<Unit filename="do_mkdir.c">
			<Option compilerVar="CC" />
			<Option virtualFolder="cmd/" />
		</Unit>
		<Unit filename="do_mput.c">
			<Option compilerVar="CC" />
			<Option virtualFolder="cmd/" />
		</Unit>
		<Unit filename="do_put.c">
			<Option compilerVar="CC" />
			<Option virtualFolder="cmd/" />
		</Unit>
		<Unit filename="do_pwd.c">
			<Option compilerVar="CC" />
			<Option virtualFolder="cmd/" />
		</Unit>
		<Unit filename="do_quit.c">
			<Option compilerVar="CC" />
			<Option virtualFolder="cmd/" />
		</Unit>
		<Unit filename="do_rm.c">
			<Option compilerVar="CC" />
			<Option virtualFolder="cmd/" />
		</Unit>
		<Unit filename="do_rmdir.c">
			<Option compilerVar="CC" />
			<Option virtualFolder="cmd/" />
		</Unit>
		<Unit filename="exec_cmd.c">
			<Option compilerVar="CC" />
		</Unit>
		<Unit filename="ftp.h" />
		<Unit filename="ftpserver.c">
			<Option compilerVar="CC" />
		</Unit>
		<Unit filename="preprocess_path.c">
			<Option compilerVar="CC" />
		</Unit>
		<Unit filename="recv_file.c">
			<Option compilerVar="CC" />
		</Unit>
		<Unit filename="send_file.c">
			<Option compilerVar="CC" />
		</Unit>
		<Unit filename="server.h" />
		<Extensions>
			<code_completion />
			<debugger />
		</Extensions>
	</Project>
</CodeBlocks_project_file>
